
Microsoft Visual Studio Solution File, Format Version 12.00
# Visual Studio Version 17
VisualStudioVersion = 17.8.34316.72
MinimumVisualStudioVersion = 10.0.40219.1
Project("{FAE04EC0-301F-11D3-BF4B-00C04F79EFBC}") = "Edukatee", "Edukatee\Edukatee.csproj", "{AB1CE5A6-FB04-4FEA-BC24-4EFFE61BCE4E}"
EndProject
Global
	GlobalSection(SolutionConfigurationPlatforms) = preSolution
		Debug|Any CPU = Debug|Any CPU
		Release|Any CPU = Release|Any CPU
	EndGlobalSection
	GlobalSection(ProjectConfigurationPlatforms) = postSolution
		{AB1CE5A6-FB04-4FEA-BC24-4EFFE61BCE4E}.Debug|Any CPU.ActiveCfg = Debug|Any CPU
		{AB1CE5A6-FB04-4FEA-BC24-4EFFE61BCE4E}.Debug|Any CPU.Build.0 = Debug|Any CPU
		{AB1CE5A6-FB04-4FEA-BC24-4EFFE61BCE4E}.Release|Any CPU.ActiveCfg = Release|Any CPU
		{AB1CE5A6-FB04-4FEA-BC24-4EFFE61BCE4E}.Release|Any CPU.Build.0 = Release|Any CPU
	EndGlobalSection
	GlobalSection(SolutionProperties) = preSolution
		HideSolutionNode = FALSE
	EndGlobalSection
	GlobalSection(ExtensibilityGlobals) = postSolution
		SolutionGuid = {005E229D-D9B7-4BB0-9382-D4A513257DE4}
	EndGlobalSection
EndGlobal
